{
  "name": "package-b",
  "version": "1.0.0",
  "lockfileVersion": 3,
  "requires": true,
  "packages": {
    "": {
      "name": "package-b",
      "version": "1.0.0",
      "license": "ISC",
      "dependencies": {
        "lodash": "3.1"
      },
      "devDependencies": {
        "typescript": "3.1"
      }
    },
    "node_modules/lodash": {
      "version": "3.1.0",
      "resolved": "https://registry.npmjs.org/lodash/-/lodash-3.1.0.tgz",
      "integrity": "sha512-kH7H/6T8ut2DMWAHIKJWZoDzYdvy+echL6u2VZbhYYkEjr6Zp15Yjt9pPvIPQwAT/5QaQYdaVPwCcLMP9qeu0w=="
    },
    "node_modules/typescript": {
      "version": "3.1.8",
      "resolved": "https://registry.npmjs.org/typescript/-/typescript-3.1.8.tgz",
      "integrity": "sha512-R97qglMfoKjfKD0N24o7W6bS+SwjN/eaQNIaxR8S5HdLRnt7rCk6LCmE3tve1KN8gXKgbJU51aZHRRMAQcIbMA==",
      "dev": true,
      "bin": {
        "tsc": "bin/tsc",
        "tsserver": "bin/tsserver"
      },
      "engines": {
        "node": ">=4.2.0"
      }
    }
  }
}
